
Microsoft Visual Studio Solution File, Format Version 12.00
# Visual Studio Version 17
VisualStudioVersion = 17.11.35431.28
MinimumVisualStudioVersion = 10.0.40219.1
Project("{FAE04EC0-301F-11D3-BF4B-00C04F79EFBC}") = "Part 01 Generics - SWAP Example", "Part 01 Generics - SWAP Example\Part 01 Generics - SWAP Example.csproj", "{222ED9E9-485C-4136-BEEF-298CA17B8BB9}"
EndProject
Global
	GlobalSection(SolutionConfigurationPlatforms) = preSolution
		Debug|Any CPU = Debug|Any CPU
		Release|Any CPU = Release|Any CPU
	EndGlobalSection
	GlobalSection(ProjectConfigurationPlatforms) = postSolution
		{222ED9E9-485C-4136-BEEF-298CA17B8BB9}.Debug|Any CPU.ActiveCfg = Debug|Any CPU
		{222ED9E9-485C-4136-BEEF-298CA17B8BB9}.Debug|Any CPU.Build.0 = Debug|Any CPU
		{222ED9E9-485C-4136-BEEF-298CA17B8BB9}.Release|Any CPU.ActiveCfg = Release|Any CPU
		{222ED9E9-485C-4136-BEEF-298CA17B8BB9}.Release|Any CPU.Build.0 = Release|Any CPU
	EndGlobalSection
	GlobalSection(SolutionProperties) = preSolution
		HideSolutionNode = FALSE
	EndGlobalSection
	GlobalSection(ExtensibilityGlobals) = postSolution
		SolutionGuid = {EC78BA2E-7728-49B6-A2AD-CE37421E0297}
	EndGlobalSection
EndGlobal
